// !$*UTF8*$!
{
	archiveVersion = 1;
	classes = {
	};
	objectVersion = 52;
	objects = {

/* Begin PBXBuildFile section */
		89A14BF52524068000AA3DF7 /* AppDelegate.swift in Sources */ = {isa = PBXBuildFile; fileRef = 89A14BF42524068000AA3DF7 /* AppDelegate.swift */; };
		89A14BF72524068000AA3DF7 /* DocumentBrowserViewController.swift in Sources */ = {isa = PBXBuildFile; fileRef = 89A14BF62524068000AA3DF7 /* DocumentBrowserViewController.swift */; };
		89A14BF92524068000AA3DF7 /* DocumentViewController.swift in Sources */ = {isa = PBXBuildFile; fileRef = 89A14BF82524068000AA3DF7 /* DocumentViewController.swift */; };
		89A14BFB2524068000AA3DF7 /* Document.swift in Sources */ = {isa = PBXBuildFile; fileRef = 89A14BFA2524068000AA3DF7 /* Document.swift */; };
		89A14BFE2524068000AA3DF7 /* Main.storyboard in Resources */ = {isa = PBXBuildFile; fileRef = 89A14BFC2524068000AA3DF7 /* Main.storyboard */; };
		89A14C002524068500AA3DF7 /* Assets.xcassets in Resources */ = {isa = PBXBuildFile; fileRef = 89A14BFF2524068500AA3DF7 /* Assets.xcassets */; };
		89A14C032524068500AA3DF7 /* LaunchScreen.storyboard in Resources */ = {isa = PBXBuildFile; fileRef = 89A14C012524068500AA3DF7 /* LaunchScreen.storyboard */; };
		89A14C0E2524081500AA3DF7 /* Common_Space.swift in Sources */ = {isa = PBXBuildFile; fileRef = 89A14C0D2524081500AA3DF7 /* Common_Space.swift */; };
		89A14C102524087B00AA3DF7 /* Simulation.swift in Sources */ = {isa = PBXBuildFile; fileRef = 89A14C0F2524087B00AA3DF7 /* Simulation.swift */; };
		89A14C162524136300AA3DF7 /* SmallChat.swift in Sources */ = {isa = PBXBuildFile; fileRef = 89A14C152524136300AA3DF7 /* SmallChat.swift */; };
		89A14C1B25241D1100AA3DF7 /* Feeling.swift in Sources */ = {isa = PBXBuildFile; fileRef = 89A14C1A25241D1100AA3DF7 /* Feeling.swift */; };
		89A14C1D25241DC700AA3DF7 /* Expression.swift in Sources */ = {isa = PBXBuildFile; fileRef = 89A14C1C25241DC700AA3DF7 /* Expression.swift */; };
		89A14C782524306500AA3DF7 /* Elo_Itself in Frameworks */ = {isa = PBXBuildFile; productRef = 89A14C772524306500AA3DF7 /* Elo_Itself */; };
		89A14C7A2524324F00AA3DF7 /* Approach.swift in Sources */ = {isa = PBXBuildFile; fileRef = 89A14C792524324F00AA3DF7 /* Approach.swift */; };
		89A14C7F2524797E00AA3DF7 /* Venture.swift in Sources */ = {isa = PBXBuildFile; fileRef = 89A14C7E2524797E00AA3DF7 /* Venture.swift */; };
		89A14C8125247E9E00AA3DF7 /* Timing.swift in Sources */ = {isa = PBXBuildFile; fileRef = 89A14C8025247E9E00AA3DF7 /* Timing.swift */; };
		89A14C8A25260FE600AA3DF7 /* Communication.swift in Sources */ = {isa = PBXBuildFile; fileRef = 89A14C8925260FE600AA3DF7 /* Communication.swift */; };
		89A14C8C2526288100AA3DF7 /* Feeling+.swift in Sources */ = {isa = PBXBuildFile; fileRef = 89A14C8B2526288100AA3DF7 /* Feeling+.swift */; };
		89A14C8E25262FEA00AA3DF7 /* BodyLanguage.swift in Sources */ = {isa = PBXBuildFile; fileRef = 89A14C8D25262FEA00AA3DF7 /* BodyLanguage.swift */; };
		89A14C9225263F9300AA3DF7 /* Vocal.swift in Sources */ = {isa = PBXBuildFile; fileRef = 89A14C9125263F9300AA3DF7 /* Vocal.swift */; };
		89A14C94252664E600AA3DF7 /* Express_Feeling.swift in Sources */ = {isa = PBXBuildFile; fileRef = 89A14C93252664E600AA3DF7 /* Express_Feeling.swift */; };
		89A14C962526650500AA3DF7 /* Handle_Feeling.swift in Sources */ = {isa = PBXBuildFile; fileRef = 89A14C952526650500AA3DF7 /* Handle_Feeling.swift */; };
		89A14C98252667C700AA3DF7 /* Polite_Words.swift in Sources */ = {isa = PBXBuildFile; fileRef = 89A14C97252667C700AA3DF7 /* Polite_Words.swift */; };
/* End PBXBuildFile section */

/* Begin PBXFileReference section */
		89A14BF12524068000AA3DF7 /* Intimacy-Semantics.app */ = {isa = PBXFileReference; explicitFileType = wrapper.application; includeInIndex = 0; path = "Intimacy-Semantics.app"; sourceTree = BUILT_PRODUCTS_DIR; };
		89A14BF42524068000AA3DF7 /* AppDelegate.swift */ = {isa = PBXFileReference; lastKnownFileType = sourcecode.swift; path = AppDelegate.swift; sourceTree = "<group>"; };
		89A14BF62524068000AA3DF7 /* DocumentBrowserViewController.swift */ = {isa = PBXFileReference; lastKnownFileType = sourcecode.swift; path = DocumentBrowserViewController.swift; sourceTree = "<group>"; };
		89A14BF82524068000AA3DF7 /* DocumentViewController.swift */ = {isa = PBXFileReference; lastKnownFileType = sourcecode.swift; path = DocumentViewController.swift; sourceTree = "<group>"; };
		89A14BFA2524068000AA3DF7 /* Document.swift */ = {isa = PBXFileReference; lastKnownFileType = sourcecode.swift; path = Document.swift; sourceTree = "<group>"; };
		89A14BFD2524068000AA3DF7 /* Base */ = {isa = PBXFileReference; lastKnownFileType = file.storyboard; name = Base; path = Base.lproj/Main.storyboard; sourceTree = "<group>"; };
		89A14BFF2524068500AA3DF7 /* Assets.xcassets */ = {isa = PBXFileReference; lastKnownFileType = folder.assetcatalog; path = Assets.xcassets; sourceTree = "<group>"; };
		89A14C022524068500AA3DF7 /* Base */ = {isa = PBXFileReference; lastKnownFileType = file.storyboard; name = Base; path = Base.lproj/LaunchScreen.storyboard; sourceTree = "<group>"; };
		89A14C042524068500AA3DF7 /* Info.plist */ = {isa = PBXFileReference; lastKnownFileType = text.plist.xml; path = Info.plist; sourceTree = "<group>"; };
		89A14C0D2524081500AA3DF7 /* Common_Space.swift */ = {isa = PBXFileReference; lastKnownFileType = sourcecode.swift; path = Common_Space.swift; sourceTree = "<group>"; };
		89A14C0F2524087B00AA3DF7 /* Simulation.swift */ = {isa = PBXFileReference; lastKnownFileType = sourcecode.swift; path = Simulation.swift; sourceTree = "<group>"; };
		89A14C152524136300AA3DF7 /* SmallChat.swift */ = {isa = PBXFileReference; lastKnownFileType = sourcecode.swift; path = SmallChat.swift; sourceTree = "<group>"; };
		89A14C1A25241D1100AA3DF7 /* Feeling.swift */ = {isa = PBXFileReference; lastKnownFileType = sourcecode.swift; path = Feeling.swift; sourceTree = "<group>"; };
		89A14C1C25241DC700AA3DF7 /* Expression.swift */ = {isa = PBXFileReference; lastKnownFileType = sourcecode.swift; path = Expression.swift; sourceTree = "<group>"; };
		89A14C792524324F00AA3DF7 /* Approach.swift */ = {isa = PBXFileReference; lastKnownFileType = sourcecode.swift; path = Approach.swift; sourceTree = "<group>"; };
		89A14C7E2524797E00AA3DF7 /* Venture.swift */ = {isa = PBXFileReference; lastKnownFileType = sourcecode.swift; path = Venture.swift; sourceTree = "<group>"; };
		89A14C8025247E9E00AA3DF7 /* Timing.swift */ = {isa = PBXFileReference; lastKnownFileType = sourcecode.swift; path = Timing.swift; sourceTree = "<group>"; };
		89A14C8925260FE600AA3DF7 /* Communication.swift */ = {isa = PBXFileReference; lastKnownFileType = sourcecode.swift; path = Communication.swift; sourceTree = "<group>"; };
		89A14C8B2526288100AA3DF7 /* Feeling+.swift */ = {isa = PBXFileReference; lastKnownFileType = sourcecode.swift; path = "Feeling+.swift"; sourceTree = "<group>"; };
		89A14C8D25262FEA00AA3DF7 /* BodyLanguage.swift */ = {isa = PBXFileReference; lastKnownFileType = sourcecode.swift; path = BodyLanguage.swift; sourceTree = "<group>"; };
		89A14C9125263F9300AA3DF7 /* Vocal.swift */ = {isa = PBXFileReference; lastKnownFileType = sourcecode.swift; path = Vocal.swift; sourceTree = "<group>"; };
		89A14C93252664E600AA3DF7 /* Express_Feeling.swift */ = {isa = PBXFileReference; lastKnownFileType = sourcecode.swift; path = Express_Feeling.swift; sourceTree = "<group>"; };
		89A14C952526650500AA3DF7 /* Handle_Feeling.swift */ = {isa = PBXFileReference; lastKnownFileType = sourcecode.swift; path = Handle_Feeling.swift; sourceTree = "<group>"; };
		89A14C97252667C700AA3DF7 /* Polite_Words.swift */ = {isa = PBXFileReference; lastKnownFileType = sourcecode.swift; path = Polite_Words.swift; sourceTree = "<group>"; };
/* End PBXFileReference section */

/* Begin PBXFrameworksBuildPhase section */
		89A14BEE2524068000AA3DF7 /* Frameworks */ = {
			isa = PBXFrameworksBuildPhase;
			buildActionMask = 2147483647;
			files = (
				89A14C782524306500AA3DF7 /* Elo_Itself in Frameworks */,
			);
			runOnlyForDeploymentPostprocessing = 0;
		};
/* End PBXFrameworksBuildPhase section */

/* Begin PBXGroup section */
		89A14BE82524068000AA3DF7 = {
			isa = PBXGroup;
			children = (
				89A14BF32524068000AA3DF7 /* Communication-Semantics */,
				89A14BF22524068000AA3DF7 /* Products */,
			);
			sourceTree = "<group>";
		};
		89A14BF22524068000AA3DF7 /* Products */ = {
			isa = PBXGroup;
			children = (
				89A14BF12524068000AA3DF7 /* Intimacy-Semantics.app */,
			);
			name = Products;
			sourceTree = "<group>";
		};
		89A14BF32524068000AA3DF7 /* Communication-Semantics */ = {
			isa = PBXGroup;
			children = (
				89A14C7C2524775200AA3DF7 /* Simulation */,
				89A14C7D2524795700AA3DF7 /* Venture */,
				89A14C1725241CCF00AA3DF7 /* HumanInteraction */,
				89A14C0A2524068C00AA3DF7 /* App */,
				89A14C792524324F00AA3DF7 /* Approach.swift */,
			);
			path = "Communication-Semantics";
			sourceTree = "<group>";
		};
		89A14C0A2524068C00AA3DF7 /* App */ = {
			isa = PBXGroup;
			children = (
				89A14BF42524068000AA3DF7 /* AppDelegate.swift */,
				89A14BF62524068000AA3DF7 /* DocumentBrowserViewController.swift */,
				89A14BF82524068000AA3DF7 /* DocumentViewController.swift */,
				89A14BFA2524068000AA3DF7 /* Document.swift */,
				89A14BFC2524068000AA3DF7 /* Main.storyboard */,
				89A14BFF2524068500AA3DF7 /* Assets.xcassets */,
				89A14C012524068500AA3DF7 /* LaunchScreen.storyboard */,
				89A14C042524068500AA3DF7 /* Info.plist */,
			);
			path = App;
			sourceTree = "<group>";
		};
		89A14C1725241CCF00AA3DF7 /* HumanInteraction */ = {
			isa = PBXGroup;
			children = (
				89A14C8825260F4A00AA3DF7 /* Feeling */,
				89A14C8725260F3500AA3DF7 /* Expression */,
				89A14C152524136300AA3DF7 /* SmallChat.swift */,
			);
			path = HumanInteraction;
			sourceTree = "<group>";
		};
		89A14C7C2524775200AA3DF7 /* Simulation */ = {
			isa = PBXGroup;
			children = (
				89A14C0D2524081500AA3DF7 /* Common_Space.swift */,
				89A14C0F2524087B00AA3DF7 /* Simulation.swift */,
			);
			path = Simulation;
			sourceTree = "<group>";
		};
		89A14C7D2524795700AA3DF7 /* Venture */ = {
			isa = PBXGroup;
			children = (
				89A14C7E2524797E00AA3DF7 /* Venture.swift */,
				89A14C8025247E9E00AA3DF7 /* Timing.swift */,
			);
			path = Venture;
			sourceTree = "<group>";
		};
		89A14C8725260F3500AA3DF7 /* Expression */ = {
			isa = PBXGroup;
			children = (
				89A14C1C25241DC700AA3DF7 /* Expression.swift */,
				89A14C8925260FE600AA3DF7 /* Communication.swift */,
				89A14C8D25262FEA00AA3DF7 /* BodyLanguage.swift */,
				89A14C9125263F9300AA3DF7 /* Vocal.swift */,
				89A14C93252664E600AA3DF7 /* Express_Feeling.swift */,
				89A14C952526650500AA3DF7 /* Handle_Feeling.swift */,
				89A14C97252667C700AA3DF7 /* Polite_Words.swift */,
			);
			path = Expression;
			sourceTree = "<group>";
		};
		89A14C8825260F4A00AA3DF7 /* Feeling */ = {
			isa = PBXGroup;
			children = (
				89A14C1A25241D1100AA3DF7 /* Feeling.swift */,
				89A14C8B2526288100AA3DF7 /* Feeling+.swift */,
			);
			path = Feeling;
			sourceTree = "<group>";
		};
/* End PBXGroup section */

/* Begin PBXNativeTarget section */
		89A14BF02524068000AA3DF7 /* Intimacy-Semantics */ = {
			isa = PBXNativeTarget;
			buildConfigurationList = 89A14C072524068500AA3DF7 /* Build configuration list for PBXNativeTarget "Intimacy-Semantics" */;
			buildPhases = (
				89A14BED2524068000AA3DF7 /* Sources */,
				89A14BEE2524068000AA3DF7 /* Frameworks */,
				89A14BEF2524068000AA3DF7 /* Resources */,
			);
			buildRules = (
			);
			dependencies = (
			);
			name = "Intimacy-Semantics";
			packageProductDependencies = (
				89A14C772524306500AA3DF7 /* Elo_Itself */,
			);
			productName = "Intimacy-Semantics";
			productReference = 89A14BF12524068000AA3DF7 /* Intimacy-Semantics.app */;
			productType = "com.apple.product-type.application";
		};
/* End PBXNativeTarget section */

/* Begin PBXProject section */
		89A14BE92524068000AA3DF7 /* Project object */ = {
			isa = PBXProject;
			attributes = {
				LastSwiftUpdateCheck = 1150;
				LastUpgradeCheck = 1150;
				ORGANIZATIONNAME = "Paper Scratch";
				TargetAttributes = {
					89A14BF02524068000AA3DF7 = {
						CreatedOnToolsVersion = 11.5;
					};
				};
			};
			buildConfigurationList = 89A14BEC2524068000AA3DF7 /* Build configuration list for PBXProject "Communication-Semantics" */;
			compatibilityVersion = "Xcode 9.3";
			developmentRegion = en;
			hasScannedForEncodings = 0;
			knownRegions = (
				en,
				Base,
			);
			mainGroup = 89A14BE82524068000AA3DF7;
			packageReferences = (
				89A14C762524306500AA3DF7 /* XCRemoteSwiftPackageReference "Elo_Itself" */,
			);
			productRefGroup = 89A14BF22524068000AA3DF7 /* Products */;
			projectDirPath = "";
			projectRoot = "";
			targets = (
				89A14BF02524068000AA3DF7 /* Intimacy-Semantics */,
			);
		};
/* End PBXProject section */

/* Begin PBXResourcesBuildPhase section */
		89A14BEF2524068000AA3DF7 /* Resources */ = {
			isa = PBXResourcesBuildPhase;
			buildActionMask = 2147483647;
			files = (
				89A14C032524068500AA3DF7 /* LaunchScreen.storyboard in Resources */,
				89A14C002524068500AA3DF7 /* Assets.xcassets in Resources */,
				89A14BFE2524068000AA3DF7 /* Main.storyboard in Resources */,
			);
			runOnlyForDeploymentPostprocessing = 0;
		};
/* End PBXResourcesBuildPhase section */

/* Begin PBXSourcesBuildPhase section */
		89A14BED2524068000AA3DF7 /* Sources */ = {
			isa = PBXSourcesBuildPhase;
			buildActionMask = 2147483647;
			files = (
				89A14C0E2524081500AA3DF7 /* Common_Space.swift in Sources */,
				89A14C8125247E9E00AA3DF7 /* Timing.swift in Sources */,
				89A14BFB2524068000AA3DF7 /* Document.swift in Sources */,
				89A14C7A2524324F00AA3DF7 /* Approach.swift in Sources */,
				89A14BF92524068000AA3DF7 /* DocumentViewController.swift in Sources */,
				89A14C9225263F9300AA3DF7 /* Vocal.swift in Sources */,
				89A14C7F2524797E00AA3DF7 /* Venture.swift in Sources */,
				89A14C1B25241D1100AA3DF7 /* Feeling.swift in Sources */,
				89A14C8A25260FE600AA3DF7 /* Communication.swift in Sources */,
				89A14BF72524068000AA3DF7 /* DocumentBrowserViewController.swift in Sources */,
				89A14C1D25241DC700AA3DF7 /* Expression.swift in Sources */,
				89A14C162524136300AA3DF7 /* SmallChat.swift in Sources */,
				89A14C102524087B00AA3DF7 /* Simulation.swift in Sources */,
				89A14C94252664E600AA3DF7 /* Express_Feeling.swift in Sources */,
				89A14BF52524068000AA3DF7 /* AppDelegate.swift in Sources */,
				89A14C962526650500AA3DF7 /* Handle_Feeling.swift in Sources */,
				89A14C98252667C700AA3DF7 /* Polite_Words.swift in Sources */,
				89A14C8C2526288100AA3DF7 /* Feeling+.swift in Sources */,
				89A14C8E25262FEA00AA3DF7 /* BodyLanguage.swift in Sources */,
			);
			runOnlyForDeploymentPostprocessing = 0;
		};
/* End PBXSourcesBuildPhase section */

/* Begin PBXVariantGroup section */
		89A14BFC2524068000AA3DF7 /* Main.storyboard */ = {
			isa = PBXVariantGroup;
			children = (
				89A14BFD2524068000AA3DF7 /* Base */,
			);
			name = Main.storyboard;
			sourceTree = "<group>";
		};
		89A14C012524068500AA3DF7 /* LaunchScreen.storyboard */ = {
			isa = PBXVariantGroup;
			children = (
				89A14C022524068500AA3DF7 /* Base */,
			);
			name = LaunchScreen.storyboard;
			sourceTree = "<group>";
		};
/* End PBXVariantGroup section */

/* Begin XCBuildConfiguration section */
		89A14C052524068500AA3DF7 /* Debug */ = {
			isa = XCBuildConfiguration;
			buildSettings = {
				ALWAYS_SEARCH_USER_PATHS = NO;
				CLANG_ANALYZER_NONNULL = YES;
				CLANG_ANALYZER_NUMBER_OBJECT_CONVERSION = YES_AGGRESSIVE;
				CLANG_CXX_LANGUAGE_STANDARD = "gnu++14";
				CLANG_CXX_LIBRARY = "libc++";
				CLANG_ENABLE_MODULES = YES;
				CLANG_ENABLE_OBJC_ARC = YES;
				CLANG_ENABLE_OBJC_WEAK = YES;
				CLANG_WARN_BLOCK_CAPTURE_AUTORELEASING = YES;
				CLANG_WARN_BOOL_CONVERSION = YES;
				CLANG_WARN_COMMA = YES;
				CLANG_WARN_CONSTANT_CONVERSION = YES;
				CLANG_WARN_DEPRECATED_OBJC_IMPLEMENTATIONS = YES;
				CLANG_WARN_DIRECT_OBJC_ISA_USAGE = YES_ERROR;
				CLANG_WARN_DOCUMENTATION_COMMENTS = YES;
				CLANG_WARN_EMPTY_BODY = YES;
				CLANG_WARN_ENUM_CONVERSION = YES;
				CLANG_WARN_INFINITE_RECURSION = YES;
				CLANG_WARN_INT_CONVERSION = YES;
				CLANG_WARN_NON_LITERAL_NULL_CONVERSION = YES;
				CLANG_WARN_OBJC_IMPLICIT_RETAIN_SELF = YES;
				CLANG_WARN_OBJC_LITERAL_CONVERSION = YES;
				CLANG_WARN_OBJC_ROOT_CLASS = YES_ERROR;
				CLANG_WARN_RANGE_LOOP_ANALYSIS = YES;
				CLANG_WARN_STRICT_PROTOTYPES = YES;
				CLANG_WARN_SUSPICIOUS_MOVE = YES;
				CLANG_WARN_UNGUARDED_AVAILABILITY = YES_AGGRESSIVE;
				CLANG_WARN_UNREACHABLE_CODE = YES;
				CLANG_WARN__DUPLICATE_METHOD_MATCH = YES;
				COPY_PHASE_STRIP = NO;
				DEBUG_INFORMATION_FORMAT = dwarf;
				ENABLE_STRICT_OBJC_MSGSEND = YES;
				ENABLE_TESTABILITY = YES;
				GCC_C_LANGUAGE_STANDARD = gnu11;
				GCC_DYNAMIC_NO_PIC = NO;
				GCC_NO_COMMON_BLOCKS = YES;
				GCC_OPTIMIZATION_LEVEL = 0;
				GCC_PREPROCESSOR_DEFINITIONS = (
					"DEBUG=1",
					"$(inherited)",
				);
				GCC_WARN_64_TO_32_BIT_CONVERSION = YES;
				GCC_WARN_ABOUT_RETURN_TYPE = YES_ERROR;
				GCC_WARN_UNDECLARED_SELECTOR = YES;
				GCC_WARN_UNINITIALIZED_AUTOS = YES_AGGRESSIVE;
				GCC_WARN_UNUSED_FUNCTION = YES;
				GCC_WARN_UNUSED_VARIABLE = YES;
				IPHONEOS_DEPLOYMENT_TARGET = 13.5;
				MTL_ENABLE_DEBUG_INFO = INCLUDE_SOURCE;
				MTL_FAST_MATH = YES;
				ONLY_ACTIVE_ARCH = YES;
				SDKROOT = iphoneos;
				SWIFT_ACTIVE_COMPILATION_CONDITIONS = DEBUG;
				SWIFT_OPTIMIZATION_LEVEL = "-Onone";
			};
			name = Debug;
		};
		89A14C062524068500AA3DF7 /* Release */ = {
			isa = XCBuildConfiguration;
			buildSettings = {
				ALWAYS_SEARCH_USER_PATHS = NO;
				CLANG_ANALYZER_NONNULL = YES;
				CLANG_ANALYZER_NUMBER_OBJECT_CONVERSION = YES_AGGRESSIVE;
				CLANG_CXX_LANGUAGE_STANDARD = "gnu++14";
				CLANG_CXX_LIBRARY = "libc++";
				CLANG_ENABLE_MODULES = YES;
				CLANG_ENABLE_OBJC_ARC = YES;
				CLANG_ENABLE_OBJC_WEAK = YES;
				CLANG_WARN_BLOCK_CAPTURE_AUTORELEASING = YES;
				CLANG_WARN_BOOL_CONVERSION = YES;
				CLANG_WARN_COMMA = YES;
				CLANG_WARN_CONSTANT_CONVERSION = YES;
				CLANG_WARN_DEPRECATED_OBJC_IMPLEMENTATIONS = YES;
				CLANG_WARN_DIRECT_OBJC_ISA_USAGE = YES_ERROR;
				CLANG_WARN_DOCUMENTATION_COMMENTS = YES;
				CLANG_WARN_EMPTY_BODY = YES;
				CLANG_WARN_ENUM_CONVERSION = YES;
				CLANG_WARN_INFINITE_RECURSION = YES;
				CLANG_WARN_INT_CONVERSION = YES;
				CLANG_WARN_NON_LITERAL_NULL_CONVERSION = YES;
				CLANG_WARN_OBJC_IMPLICIT_RETAIN_SELF = YES;
				CLANG_WARN_OBJC_LITERAL_CONVERSION = YES;
				CLANG_WARN_OBJC_ROOT_CLASS = YES_ERROR;
				CLANG_WARN_RANGE_LOOP_ANALYSIS = YES;
				CLANG_WARN_STRICT_PROTOTYPES = YES;
				CLANG_WARN_SUSPICIOUS_MOVE = YES;
				CLANG_WARN_UNGUARDED_AVAILABILITY = YES_AGGRESSIVE;
				CLANG_WARN_UNREACHABLE_CODE = YES;
				CLANG_WARN__DUPLICATE_METHOD_MATCH = YES;
				COPY_PHASE_STRIP = NO;
				DEBUG_INFORMATION_FORMAT = "dwarf-with-dsym";
				ENABLE_NS_ASSERTIONS = NO;
				ENABLE_STRICT_OBJC_MSGSEND = YES;
				GCC_C_LANGUAGE_STANDARD = gnu11;
				GCC_NO_COMMON_BLOCKS = YES;
				GCC_WARN_64_TO_32_BIT_CONVERSION = YES;
				GCC_WARN_ABOUT_RETURN_TYPE = YES_ERROR;
				GCC_WARN_UNDECLARED_SELECTOR = YES;
				GCC_WARN_UNINITIALIZED_AUTOS = YES_AGGRESSIVE;
				GCC_WARN_UNUSED_FUNCTION = YES;
				GCC_WARN_UNUSED_VARIABLE = YES;
				IPHONEOS_DEPLOYMENT_TARGET = 13.5;
				MTL_ENABLE_DEBUG_INFO = NO;
				MTL_FAST_MATH = YES;
				SDKROOT = iphoneos;
				SWIFT_COMPILATION_MODE = wholemodule;
				SWIFT_OPTIMIZATION_LEVEL = "-O";
				VALIDATE_PRODUCT = YES;
			};
			name = Release;
		};
		89A14C082524068500AA3DF7 /* Debug */ = {
			isa = XCBuildConfiguration;
			buildSettings = {
				ASSETCATALOG_COMPILER_APPICON_NAME = AppIcon;
				CODE_SIGN_STYLE = Automatic;
				DEVELOPMENT_TEAM = HTG5RPJ6QF;
				INFOPLIST_FILE = "Intimacy-Semantics/App/Info.plist";
				LD_RUNPATH_SEARCH_PATHS = (
					"$(inherited)",
					"@executable_path/Frameworks",
				);
				PRODUCT_BUNDLE_IDENTIFIER = "ind.paper.Intimacy-Semantics";
				PRODUCT_NAME = "$(TARGET_NAME)";
				SWIFT_VERSION = 5.0;
				TARGETED_DEVICE_FAMILY = "1,2";
			};
			name = Debug;
		};
		89A14C092524068500AA3DF7 /* Release */ = {
			isa = XCBuildConfiguration;
			buildSettings = {
				ASSETCATALOG_COMPILER_APPICON_NAME = AppIcon;
				CODE_SIGN_STYLE = Automatic;
				DEVELOPMENT_TEAM = HTG5RPJ6QF;
				INFOPLIST_FILE = "Intimacy-Semantics/App/Info.plist";
				LD_RUNPATH_SEARCH_PATHS = (
					"$(inherited)",
					"@executable_path/Frameworks",
				);
				PRODUCT_BUNDLE_IDENTIFIER = "ind.paper.Intimacy-Semantics";
				PRODUCT_NAME = "$(TARGET_NAME)";
				SWIFT_VERSION = 5.0;
				TARGETED_DEVICE_FAMILY = "1,2";
			};
			name = Release;
		};
/* End XCBuildConfiguration section */

/* Begin XCConfigurationList section */
		89A14BEC2524068000AA3DF7 /* Build configuration list for PBXProject "Communication-Semantics" */ = {
			isa = XCConfigurationList;
			buildConfigurations = (
				89A14C052524068500AA3DF7 /* Debug */,
				89A14C062524068500AA3DF7 /* Release */,
			);
			defaultConfigurationIsVisible = 0;
			defaultConfigurationName = Release;
		};
		89A14C072524068500AA3DF7 /* Build configuration list for PBXNativeTarget "Intimacy-Semantics" */ = {
			isa = XCConfigurationList;
			buildConfigurations = (
				89A14C082524068500AA3DF7 /* Debug */,
				89A14C092524068500AA3DF7 /* Release */,
			);
			defaultConfigurationIsVisible = 0;
			defaultConfigurationName = Release;
		};
/* End XCConfigurationList section */

/* Begin XCRemoteSwiftPackageReference section */
		89A14C762524306500AA3DF7 /* XCRemoteSwiftPackageReference "Elo_Itself" */ = {
			isa = XCRemoteSwiftPackageReference;
			repositoryURL = "https://github.com/dzAtZJU/Elo_Itself";
			requirement = {
				branch = master;
				kind = branch;
			};
		};
/* End XCRemoteSwiftPackageReference section */

/* Begin XCSwiftPackageProductDependency section */
		89A14C772524306500AA3DF7 /* Elo_Itself */ = {
			isa = XCSwiftPackageProductDependency;
			package = 89A14C762524306500AA3DF7 /* XCRemoteSwiftPackageReference "Elo_Itself" */;
			productName = Elo_Itself;
		};
/* End XCSwiftPackageProductDependency section */
	};
	rootObject = 89A14BE92524068000AA3DF7 /* Project object */;
}
