{
  "object": {
    "pins": [
      {
        "package": "Elo_Itself",
        "repositoryURL": "https://github.com/dzAtZJU/Elo-Itself",
        "state": {
          "branch": "master",
          "revision": "559d10ee73fe1af87f4db6a14fe0c88380130f4a",
          "version": null
        }
      }
    ]
  },
  "version": 1
}
