{
  "object": {
    "pins": [
      {
        "package": "Elo_Itself",
        "repositoryURL": "https://github.com/dzAtZJU/Elo-Itself",
        "state": {
          "branch": "master",
          "revision": "19cad192dc2cf7ac70e0ee3dc1d7ee5ebded2b7b",
          "version": null
        }
      }
    ]
  },
  "version": 1
}
