{
  "object": {
    "pins": [
      {
        "package": "Elo_Itself",
        "repositoryURL": "https://github.com/dzAtZJU/Elo-Itself",
        "state": {
          "branch": "master",
          "revision": "834c1ebb21748b6dec6fd662aef590459d02636d",
          "version": null
        }
      }
    ]
  },
  "version": 1
}
