{
  "object": {
    "pins": [
      {
        "package": "Elo_Itself",
        "repositoryURL": "https://github.com/dzAtZJU/Elo_Itself",
        "state": {
          "branch": "master",
          "revision": "c4c6f12af9da6c0a06a306851bba764aa134b2ab",
          "version": null
        }
      }
    ]
  },
  "version": 1
}
