{
  "object": {
    "pins": [
      {
        "package": "Elo_Itself",
        "repositoryURL": "https://github.com/dzAtZJU/Elo_Itself",
        "state": {
          "branch": "master",
          "revision": "807dedf4da8483fc961098a4a88bc94dcc72cf90",
          "version": null
        }
      }
    ]
  },
  "version": 1
}
